# THIS IS AN AUTOGENERATED FILE. DO NOT EDIT THIS FILE DIRECTLY.
# yarn lockfile v1


create-next-app@^13.4.11:
  version "13.4.11"
  resolved "https://registry.yarnpkg.com/create-next-app/-/create-next-app-13.4.11.tgz#b43a1c1580fd5342f6275693eea286297e9ed896"
  integrity sha512-GxuuAmT55Y2zQiE3BRx+plUOn/+c+7U/m99LbBa2qwfQKageLNSY+Prf0yhJj6PMGe7g7lzv87pTGvX3jtQPEg==
